
Microsoft Visual Studio Solution File, Format Version 12.00
# Visual Studio 2013
VisualStudioVersion = 12.0.31101.0
MinimumVisualStudioVersion = 10.0.40219.1
Project("{FAE04EC0-301F-11D3-BF4B-00C04F79EFBC}") = "SimpleSyslog", "src\SimpleSyslog\SimpleSyslog.csproj", "{221DE0E9-F76F-4EA5-BA7B-B1C3FA8F7A2F}"
EndProject
Project("{FAE04EC0-301F-11D3-BF4B-00C04F79EFBC}") = "SimpleSyslog.Portable", "src\SimpleSyslog.Portable\SimpleSyslog.Portable.csproj", "{FBEAD2C4-D5ED-4E52-99FD-0029AD7B25A8}"
EndProject
Global
	GlobalSection(SolutionConfigurationPlatforms) = preSolution
		Debug|Any CPU = Debug|Any CPU
		Release|Any CPU = Release|Any CPU
	EndGlobalSection
	GlobalSection(ProjectConfigurationPlatforms) = postSolution
		{221DE0E9-F76F-4EA5-BA7B-B1C3FA8F7A2F}.Debug|Any CPU.ActiveCfg = Debug|Any CPU
		{221DE0E9-F76F-4EA5-BA7B-B1C3FA8F7A2F}.Debug|Any CPU.Build.0 = Debug|Any CPU
		{221DE0E9-F76F-4EA5-BA7B-B1C3FA8F7A2F}.Release|Any CPU.ActiveCfg = Release|Any CPU
		{221DE0E9-F76F-4EA5-BA7B-B1C3FA8F7A2F}.Release|Any CPU.Build.0 = Release|Any CPU
		{FBEAD2C4-D5ED-4E52-99FD-0029AD7B25A8}.Debug|Any CPU.ActiveCfg = Debug|Any CPU
		{FBEAD2C4-D5ED-4E52-99FD-0029AD7B25A8}.Debug|Any CPU.Build.0 = Debug|Any CPU
		{FBEAD2C4-D5ED-4E52-99FD-0029AD7B25A8}.Release|Any CPU.ActiveCfg = Release|Any CPU
		{FBEAD2C4-D5ED-4E52-99FD-0029AD7B25A8}.Release|Any CPU.Build.0 = Release|Any CPU
	EndGlobalSection
	GlobalSection(SolutionProperties) = preSolution
		HideSolutionNode = FALSE
	EndGlobalSection
EndGlobal
